
Microsoft Visual Studio Solution File, Format Version 12.00
# Visual Studio Version 16
VisualStudioVersion = 16.0.31424.327
MinimumVisualStudioVersion = 10.0.40219.1
Project("{8BC9CEB8-8B4A-11D0-8D11-00A0C91BC942}") = "Project7Geometry", "ProjectGeometry\ProjectGeometry.vcxproj", "{EB1C469B-C067-45AA-A369-E0C3E2ACDD7C}"
EndProject
Project("{8BC9CEB8-8B4A-11D0-8D11-00A0C91BC942}") = "ProjectArrays", "ProjectArrays\ProjectArrays.vcxproj", "{C7453EFB-DD7B-43FF-A8EB-9290F8980B79}"
EndProject
Project("{8BC9CEB8-8B4A-11D0-8D11-00A0C91BC942}") = "Project5DoWhile", "ProjectDoWhile\ProjectDoWhile.vcxproj", "{75A5D8DD-122C-4A5E-BCA0-03558CEA9F04}"
EndProject
Project("{8BC9CEB8-8B4A-11D0-8D11-00A0C91BC942}") = "Project6For", "ProjectFor\ProjectFor.vcxproj", "{5E2DC3FC-40C1-45BC-94F9-BBB3A4526F0D}"
EndProject
Project("{8BC9CEB8-8B4A-11D0-8D11-00A0C91BC942}") = "Project4ControlStructures", "ProjectControlStructures\ProjectControlStructures.vcxproj", "{402FBE0C-3FB5-4093-8717-887439C33C85}"
EndProject
Project("{8BC9CEB8-8B4A-11D0-8D11-00A0C91BC942}") = "ProjectRandom", "ProjectRandom\ProjectRandom.vcxproj", "{B0B3A162-827A-44D2-AFF7-EA86D336C677}"
EndProject
Project("{8BC9CEB8-8B4A-11D0-8D11-00A0C91BC942}") = "ProjectUniqueRandom", "ProjectUniqueRandom\ProjectUniqueRandom.vcxproj", "{1F7ED71E-CE52-483E-8473-8548C61144DD}"
EndProject
Project("{8BC9CEB8-8B4A-11D0-8D11-00A0C91BC942}") = "ProjectRepeat", "ProjectRepeat\ProjectRepeat.vcxproj", "{1FF40CD0-0117-40C4-B785-433855BC0F20}"
EndProject
Project("{8BC9CEB8-8B4A-11D0-8D11-00A0C91BC942}") = "ProjectArrays2D", "ProjectArrays2D\ProjectArrays2D.vcxproj", "{85C8652F-F02B-478A-8380-2C910C359ECB}"
EndProject
Project("{8BC9CEB8-8B4A-11D0-8D11-00A0C91BC942}") = "Project1Hello", "Project1Hello\Project1Hello.vcxproj", "{F7C1CA90-F913-45AA-A7B1-E7C1A7932972}"
EndProject
Project("{8BC9CEB8-8B4A-11D0-8D11-00A0C91BC942}") = "ProjectzFunction", "ProjectFunction\ProjectFunction.vcxproj", "{432A3E1B-E609-48F7-841A-963A0E8E241B}"
EndProject
Project("{8BC9CEB8-8B4A-11D0-8D11-00A0C91BC942}") = "ProjectzFunctionArrays1", "ProjectFunctionArrays\ProjectFunctionArrays.vcxproj", "{C3526B76-E544-4D26-A93C-A5F807948867}"
EndProject
Project("{8BC9CEB8-8B4A-11D0-8D11-00A0C91BC942}") = "ProjectzFunctionArrays2", "ProjectFunctionArrays2\ProjectFunctionArrays2.vcxproj", "{062D7487-9DB3-4D4A-BFFB-1FCA0911312C}"
EndProject
Project("{8BC9CEB8-8B4A-11D0-8D11-00A0C91BC942}") = "Project2DataTypes", "Project2DataTypes\Project2DataTypes.vcxproj", "{3B840D2A-7B2A-4547-B7EB-3A9E746390E3}"
EndProject
Project("{8BC9CEB8-8B4A-11D0-8D11-00A0C91BC942}") = "Project1z1HomeWorkEsc", "Project1z1HomeWorkEsc\Project1z1HomeWorkEsc.vcxproj", "{80E8436A-9C11-4CDE-81F6-7D20A4812FB6}"
EndProject
Project("{8BC9CEB8-8B4A-11D0-8D11-00A0C91BC942}") = "ProjectzFunctionArrays3", "ProjectFunctionArrays3\ProjectFunctionArrays3.vcxproj", "{A78A4826-4E2C-4EDF-8FF7-709C4E56547D}"
EndProject
Project("{8BC9CEB8-8B4A-11D0-8D11-00A0C91BC942}") = "ProjectzFunctionArrays2z2", "ProjectFunctionArrays2z2\ProjectFunctionArrays2z2.vcxproj", "{7B4F2461-5FEA-4A71-9A79-2B5B4554EF5C}"
EndProject
Project("{8BC9CEB8-8B4A-11D0-8D11-00A0C91BC942}") = "ProjectNumerix", "ProjectNumerix\ProjectNumerix.vcxproj", "{7586BF0E-7D1F-4EA1-8DDE-06D0A755F080}"
EndProject
Project("{8BC9CEB8-8B4A-11D0-8D11-00A0C91BC942}") = "ProjectzRecursion", "ProjectzRecursion\ProjectzRecursion.vcxproj", "{34654C98-5138-495F-A047-5C1785B5343E}"
EndProject
Project("{8BC9CEB8-8B4A-11D0-8D11-00A0C91BC942}") = "Project3Operators", "Project3Operators\Project3Operators.vcxproj", "{05424FAB-16CF-42C9-94FD-9ED519266139}"
EndProject
Global
	GlobalSection(SolutionConfigurationPlatforms) = preSolution
		Debug|x64 = Debug|x64
		Debug|x86 = Debug|x86
		Release|x64 = Release|x64
		Release|x86 = Release|x86
	EndGlobalSection
	GlobalSection(ProjectConfigurationPlatforms) = postSolution
		{EB1C469B-C067-45AA-A369-E0C3E2ACDD7C}.Debug|x64.ActiveCfg = Debug|x64
		{EB1C469B-C067-45AA-A369-E0C3E2ACDD7C}.Debug|x64.Build.0 = Debug|x64
		{EB1C469B-C067-45AA-A369-E0C3E2ACDD7C}.Debug|x86.ActiveCfg = Debug|Win32
		{EB1C469B-C067-45AA-A369-E0C3E2ACDD7C}.Debug|x86.Build.0 = Debug|Win32
		{EB1C469B-C067-45AA-A369-E0C3E2ACDD7C}.Release|x64.ActiveCfg = Release|x64
		{EB1C469B-C067-45AA-A369-E0C3E2ACDD7C}.Release|x64.Build.0 = Release|x64
		{EB1C469B-C067-45AA-A369-E0C3E2ACDD7C}.Release|x86.ActiveCfg = Release|Win32
		{EB1C469B-C067-45AA-A369-E0C3E2ACDD7C}.Release|x86.Build.0 = Release|Win32
		{C7453EFB-DD7B-43FF-A8EB-9290F8980B79}.Debug|x64.ActiveCfg = Debug|x64
		{C7453EFB-DD7B-43FF-A8EB-9290F8980B79}.Debug|x64.Build.0 = Debug|x64
		{C7453EFB-DD7B-43FF-A8EB-9290F8980B79}.Debug|x86.ActiveCfg = Debug|Win32
		{C7453EFB-DD7B-43FF-A8EB-9290F8980B79}.Debug|x86.Build.0 = Debug|Win32
		{C7453EFB-DD7B-43FF-A8EB-9290F8980B79}.Release|x64.ActiveCfg = Release|x64
		{C7453EFB-DD7B-43FF-A8EB-9290F8980B79}.Release|x64.Build.0 = Release|x64
		{C7453EFB-DD7B-43FF-A8EB-9290F8980B79}.Release|x86.ActiveCfg = Release|Win32
		{C7453EFB-DD7B-43FF-A8EB-9290F8980B79}.Release|x86.Build.0 = Release|Win32
		{75A5D8DD-122C-4A5E-BCA0-03558CEA9F04}.Debug|x64.ActiveCfg = Debug|x64
		{75A5D8DD-122C-4A5E-BCA0-03558CEA9F04}.Debug|x64.Build.0 = Debug|x64
		{75A5D8DD-122C-4A5E-BCA0-03558CEA9F04}.Debug|x86.ActiveCfg = Debug|Win32
		{75A5D8DD-122C-4A5E-BCA0-03558CEA9F04}.Debug|x86.Build.0 = Debug|Win32
		{75A5D8DD-122C-4A5E-BCA0-03558CEA9F04}.Release|x64.ActiveCfg = Release|x64
		{75A5D8DD-122C-4A5E-BCA0-03558CEA9F04}.Release|x64.Build.0 = Release|x64
		{75A5D8DD-122C-4A5E-BCA0-03558CEA9F04}.Release|x86.ActiveCfg = Release|Win32
		{75A5D8DD-122C-4A5E-BCA0-03558CEA9F04}.Release|x86.Build.0 = Release|Win32
		{5E2DC3FC-40C1-45BC-94F9-BBB3A4526F0D}.Debug|x64.ActiveCfg = Debug|x64
		{5E2DC3FC-40C1-45BC-94F9-BBB3A4526F0D}.Debug|x64.Build.0 = Debug|x64
		{5E2DC3FC-40C1-45BC-94F9-BBB3A4526F0D}.Debug|x86.ActiveCfg = Debug|Win32
		{5E2DC3FC-40C1-45BC-94F9-BBB3A4526F0D}.Debug|x86.Build.0 = Debug|Win32
		{5E2DC3FC-40C1-45BC-94F9-BBB3A4526F0D}.Release|x64.ActiveCfg = Release|x64
		{5E2DC3FC-40C1-45BC-94F9-BBB3A4526F0D}.Release|x64.Build.0 = Release|x64
		{5E2DC3FC-40C1-45BC-94F9-BBB3A4526F0D}.Release|x86.ActiveCfg = Release|Win32
		{5E2DC3FC-40C1-45BC-94F9-BBB3A4526F0D}.Release|x86.Build.0 = Release|Win32
		{402FBE0C-3FB5-4093-8717-887439C33C85}.Debug|x64.ActiveCfg = Debug|x64
		{402FBE0C-3FB5-4093-8717-887439C33C85}.Debug|x64.Build.0 = Debug|x64
		{402FBE0C-3FB5-4093-8717-887439C33C85}.Debug|x86.ActiveCfg = Debug|Win32
		{402FBE0C-3FB5-4093-8717-887439C33C85}.Debug|x86.Build.0 = Debug|Win32
		{402FBE0C-3FB5-4093-8717-887439C33C85}.Release|x64.ActiveCfg = Release|x64
		{402FBE0C-3FB5-4093-8717-887439C33C85}.Release|x64.Build.0 = Release|x64
		{402FBE0C-3FB5-4093-8717-887439C33C85}.Release|x86.ActiveCfg = Release|Win32
		{402FBE0C-3FB5-4093-8717-887439C33C85}.Release|x86.Build.0 = Release|Win32
		{B0B3A162-827A-44D2-AFF7-EA86D336C677}.Debug|x64.ActiveCfg = Debug|x64
		{B0B3A162-827A-44D2-AFF7-EA86D336C677}.Debug|x64.Build.0 = Debug|x64
		{B0B3A162-827A-44D2-AFF7-EA86D336C677}.Debug|x86.ActiveCfg = Debug|Win32
		{B0B3A162-827A-44D2-AFF7-EA86D336C677}.Debug|x86.Build.0 = Debug|Win32
		{B0B3A162-827A-44D2-AFF7-EA86D336C677}.Release|x64.ActiveCfg = Release|x64
		{B0B3A162-827A-44D2-AFF7-EA86D336C677}.Release|x64.Build.0 = Release|x64
		{B0B3A162-827A-44D2-AFF7-EA86D336C677}.Release|x86.ActiveCfg = Release|Win32
		{B0B3A162-827A-44D2-AFF7-EA86D336C677}.Release|x86.Build.0 = Release|Win32
		{1F7ED71E-CE52-483E-8473-8548C61144DD}.Debug|x64.ActiveCfg = Debug|x64
		{1F7ED71E-CE52-483E-8473-8548C61144DD}.Debug|x64.Build.0 = Debug|x64
		{1F7ED71E-CE52-483E-8473-8548C61144DD}.Debug|x86.ActiveCfg = Debug|Win32
		{1F7ED71E-CE52-483E-8473-8548C61144DD}.Debug|x86.Build.0 = Debug|Win32
		{1F7ED71E-CE52-483E-8473-8548C61144DD}.Release|x64.ActiveCfg = Release|x64
		{1F7ED71E-CE52-483E-8473-8548C61144DD}.Release|x64.Build.0 = Release|x64
		{1F7ED71E-CE52-483E-8473-8548C61144DD}.Release|x86.ActiveCfg = Release|Win32
		{1F7ED71E-CE52-483E-8473-8548C61144DD}.Release|x86.Build.0 = Release|Win32
		{1FF40CD0-0117-40C4-B785-433855BC0F20}.Debug|x64.ActiveCfg = Debug|x64
		{1FF40CD0-0117-40C4-B785-433855BC0F20}.Debug|x64.Build.0 = Debug|x64
		{1FF40CD0-0117-40C4-B785-433855BC0F20}.Debug|x86.ActiveCfg = Debug|Win32
		{1FF40CD0-0117-40C4-B785-433855BC0F20}.Debug|x86.Build.0 = Debug|Win32
		{1FF40CD0-0117-40C4-B785-433855BC0F20}.Release|x64.ActiveCfg = Release|x64
		{1FF40CD0-0117-40C4-B785-433855BC0F20}.Release|x64.Build.0 = Release|x64
		{1FF40CD0-0117-40C4-B785-433855BC0F20}.Release|x86.ActiveCfg = Release|Win32
		{1FF40CD0-0117-40C4-B785-433855BC0F20}.Release|x86.Build.0 = Release|Win32
		{85C8652F-F02B-478A-8380-2C910C359ECB}.Debug|x64.ActiveCfg = Debug|x64
		{85C8652F-F02B-478A-8380-2C910C359ECB}.Debug|x64.Build.0 = Debug|x64
		{85C8652F-F02B-478A-8380-2C910C359ECB}.Debug|x86.ActiveCfg = Debug|Win32
		{85C8652F-F02B-478A-8380-2C910C359ECB}.Debug|x86.Build.0 = Debug|Win32
		{85C8652F-F02B-478A-8380-2C910C359ECB}.Release|x64.ActiveCfg = Release|x64
		{85C8652F-F02B-478A-8380-2C910C359ECB}.Release|x64.Build.0 = Release|x64
		{85C8652F-F02B-478A-8380-2C910C359ECB}.Release|x86.ActiveCfg = Release|Win32
		{85C8652F-F02B-478A-8380-2C910C359ECB}.Release|x86.Build.0 = Release|Win32
		{F7C1CA90-F913-45AA-A7B1-E7C1A7932972}.Debug|x64.ActiveCfg = Debug|x64
		{F7C1CA90-F913-45AA-A7B1-E7C1A7932972}.Debug|x64.Build.0 = Debug|x64
		{F7C1CA90-F913-45AA-A7B1-E7C1A7932972}.Debug|x86.ActiveCfg = Debug|Win32
		{F7C1CA90-F913-45AA-A7B1-E7C1A7932972}.Debug|x86.Build.0 = Debug|Win32
		{F7C1CA90-F913-45AA-A7B1-E7C1A7932972}.Release|x64.ActiveCfg = Release|x64
		{F7C1CA90-F913-45AA-A7B1-E7C1A7932972}.Release|x64.Build.0 = Release|x64
		{F7C1CA90-F913-45AA-A7B1-E7C1A7932972}.Release|x86.ActiveCfg = Release|Win32
		{F7C1CA90-F913-45AA-A7B1-E7C1A7932972}.Release|x86.Build.0 = Release|Win32
		{432A3E1B-E609-48F7-841A-963A0E8E241B}.Debug|x64.ActiveCfg = Debug|x64
		{432A3E1B-E609-48F7-841A-963A0E8E241B}.Debug|x64.Build.0 = Debug|x64
		{432A3E1B-E609-48F7-841A-963A0E8E241B}.Debug|x86.ActiveCfg = Debug|Win32
		{432A3E1B-E609-48F7-841A-963A0E8E241B}.Debug|x86.Build.0 = Debug|Win32
		{432A3E1B-E609-48F7-841A-963A0E8E241B}.Release|x64.ActiveCfg = Release|x64
		{432A3E1B-E609-48F7-841A-963A0E8E241B}.Release|x64.Build.0 = Release|x64
		{432A3E1B-E609-48F7-841A-963A0E8E241B}.Release|x86.ActiveCfg = Release|Win32
		{432A3E1B-E609-48F7-841A-963A0E8E241B}.Release|x86.Build.0 = Release|Win32
		{C3526B76-E544-4D26-A93C-A5F807948867}.Debug|x64.ActiveCfg = Debug|x64
		{C3526B76-E544-4D26-A93C-A5F807948867}.Debug|x64.Build.0 = Debug|x64
		{C3526B76-E544-4D26-A93C-A5F807948867}.Debug|x86.ActiveCfg = Debug|Win32
		{C3526B76-E544-4D26-A93C-A5F807948867}.Debug|x86.Build.0 = Debug|Win32
		{C3526B76-E544-4D26-A93C-A5F807948867}.Release|x64.ActiveCfg = Release|x64
		{C3526B76-E544-4D26-A93C-A5F807948867}.Release|x64.Build.0 = Release|x64
		{C3526B76-E544-4D26-A93C-A5F807948867}.Release|x86.ActiveCfg = Release|Win32
		{C3526B76-E544-4D26-A93C-A5F807948867}.Release|x86.Build.0 = Release|Win32
		{062D7487-9DB3-4D4A-BFFB-1FCA0911312C}.Debug|x64.ActiveCfg = Debug|x64
		{062D7487-9DB3-4D4A-BFFB-1FCA0911312C}.Debug|x64.Build.0 = Debug|x64
		{062D7487-9DB3-4D4A-BFFB-1FCA0911312C}.Debug|x86.ActiveCfg = Debug|Win32
		{062D7487-9DB3-4D4A-BFFB-1FCA0911312C}.Debug|x86.Build.0 = Debug|Win32
		{062D7487-9DB3-4D4A-BFFB-1FCA0911312C}.Release|x64.ActiveCfg = Release|x64
		{062D7487-9DB3-4D4A-BFFB-1FCA0911312C}.Release|x64.Build.0 = Release|x64
		{062D7487-9DB3-4D4A-BFFB-1FCA0911312C}.Release|x86.ActiveCfg = Release|Win32
		{062D7487-9DB3-4D4A-BFFB-1FCA0911312C}.Release|x86.Build.0 = Release|Win32
		{3B840D2A-7B2A-4547-B7EB-3A9E746390E3}.Debug|x64.ActiveCfg = Debug|x64
		{3B840D2A-7B2A-4547-B7EB-3A9E746390E3}.Debug|x64.Build.0 = Debug|x64
		{3B840D2A-7B2A-4547-B7EB-3A9E746390E3}.Debug|x86.ActiveCfg = Debug|Win32
		{3B840D2A-7B2A-4547-B7EB-3A9E746390E3}.Debug|x86.Build.0 = Debug|Win32
		{3B840D2A-7B2A-4547-B7EB-3A9E746390E3}.Release|x64.ActiveCfg = Release|x64
		{3B840D2A-7B2A-4547-B7EB-3A9E746390E3}.Release|x64.Build.0 = Release|x64
		{3B840D2A-7B2A-4547-B7EB-3A9E746390E3}.Release|x86.ActiveCfg = Release|Win32
		{3B840D2A-7B2A-4547-B7EB-3A9E746390E3}.Release|x86.Build.0 = Release|Win32
		{80E8436A-9C11-4CDE-81F6-7D20A4812FB6}.Debug|x64.ActiveCfg = Debug|x64
		{80E8436A-9C11-4CDE-81F6-7D20A4812FB6}.Debug|x64.Build.0 = Debug|x64
		{80E8436A-9C11-4CDE-81F6-7D20A4812FB6}.Debug|x86.ActiveCfg = Debug|Win32
		{80E8436A-9C11-4CDE-81F6-7D20A4812FB6}.Debug|x86.Build.0 = Debug|Win32
		{80E8436A-9C11-4CDE-81F6-7D20A4812FB6}.Release|x64.ActiveCfg = Release|x64
		{80E8436A-9C11-4CDE-81F6-7D20A4812FB6}.Release|x64.Build.0 = Release|x64
		{80E8436A-9C11-4CDE-81F6-7D20A4812FB6}.Release|x86.ActiveCfg = Release|Win32
		{80E8436A-9C11-4CDE-81F6-7D20A4812FB6}.Release|x86.Build.0 = Release|Win32
		{A78A4826-4E2C-4EDF-8FF7-709C4E56547D}.Debug|x64.ActiveCfg = Debug|x64
		{A78A4826-4E2C-4EDF-8FF7-709C4E56547D}.Debug|x64.Build.0 = Debug|x64
		{A78A4826-4E2C-4EDF-8FF7-709C4E56547D}.Debug|x86.ActiveCfg = Debug|Win32
		{A78A4826-4E2C-4EDF-8FF7-709C4E56547D}.Debug|x86.Build.0 = Debug|Win32
		{A78A4826-4E2C-4EDF-8FF7-709C4E56547D}.Release|x64.ActiveCfg = Release|x64
		{A78A4826-4E2C-4EDF-8FF7-709C4E56547D}.Release|x64.Build.0 = Release|x64
		{A78A4826-4E2C-4EDF-8FF7-709C4E56547D}.Release|x86.ActiveCfg = Release|Win32
		{A78A4826-4E2C-4EDF-8FF7-709C4E56547D}.Release|x86.Build.0 = Release|Win32
		{7B4F2461-5FEA-4A71-9A79-2B5B4554EF5C}.Debug|x64.ActiveCfg = Debug|x64
		{7B4F2461-5FEA-4A71-9A79-2B5B4554EF5C}.Debug|x64.Build.0 = Debug|x64
		{7B4F2461-5FEA-4A71-9A79-2B5B4554EF5C}.Debug|x86.ActiveCfg = Debug|Win32
		{7B4F2461-5FEA-4A71-9A79-2B5B4554EF5C}.Debug|x86.Build.0 = Debug|Win32
		{7B4F2461-5FEA-4A71-9A79-2B5B4554EF5C}.Release|x64.ActiveCfg = Release|x64
		{7B4F2461-5FEA-4A71-9A79-2B5B4554EF5C}.Release|x64.Build.0 = Release|x64
		{7B4F2461-5FEA-4A71-9A79-2B5B4554EF5C}.Release|x86.ActiveCfg = Release|Win32
		{7B4F2461-5FEA-4A71-9A79-2B5B4554EF5C}.Release|x86.Build.0 = Release|Win32
		{7586BF0E-7D1F-4EA1-8DDE-06D0A755F080}.Debug|x64.ActiveCfg = Debug|x64
		{7586BF0E-7D1F-4EA1-8DDE-06D0A755F080}.Debug|x64.Build.0 = Debug|x64
		{7586BF0E-7D1F-4EA1-8DDE-06D0A755F080}.Debug|x86.ActiveCfg = Debug|Win32
		{7586BF0E-7D1F-4EA1-8DDE-06D0A755F080}.Debug|x86.Build.0 = Debug|Win32
		{7586BF0E-7D1F-4EA1-8DDE-06D0A755F080}.Release|x64.ActiveCfg = Release|x64
		{7586BF0E-7D1F-4EA1-8DDE-06D0A755F080}.Release|x64.Build.0 = Release|x64
		{7586BF0E-7D1F-4EA1-8DDE-06D0A755F080}.Release|x86.ActiveCfg = Release|Win32
		{7586BF0E-7D1F-4EA1-8DDE-06D0A755F080}.Release|x86.Build.0 = Release|Win32
		{34654C98-5138-495F-A047-5C1785B5343E}.Debug|x64.ActiveCfg = Debug|x64
		{34654C98-5138-495F-A047-5C1785B5343E}.Debug|x64.Build.0 = Debug|x64
		{34654C98-5138-495F-A047-5C1785B5343E}.Debug|x86.ActiveCfg = Debug|Win32
		{34654C98-5138-495F-A047-5C1785B5343E}.Debug|x86.Build.0 = Debug|Win32
		{34654C98-5138-495F-A047-5C1785B5343E}.Release|x64.ActiveCfg = Release|x64
		{34654C98-5138-495F-A047-5C1785B5343E}.Release|x64.Build.0 = Release|x64
		{34654C98-5138-495F-A047-5C1785B5343E}.Release|x86.ActiveCfg = Release|Win32
		{34654C98-5138-495F-A047-5C1785B5343E}.Release|x86.Build.0 = Release|Win32
		{05424FAB-16CF-42C9-94FD-9ED519266139}.Debug|x64.ActiveCfg = Debug|x64
		{05424FAB-16CF-42C9-94FD-9ED519266139}.Debug|x64.Build.0 = Debug|x64
		{05424FAB-16CF-42C9-94FD-9ED519266139}.Debug|x86.ActiveCfg = Debug|Win32
		{05424FAB-16CF-42C9-94FD-9ED519266139}.Debug|x86.Build.0 = Debug|Win32
		{05424FAB-16CF-42C9-94FD-9ED519266139}.Release|x64.ActiveCfg = Release|x64
		{05424FAB-16CF-42C9-94FD-9ED519266139}.Release|x64.Build.0 = Release|x64
		{05424FAB-16CF-42C9-94FD-9ED519266139}.Release|x86.ActiveCfg = Release|Win32
		{05424FAB-16CF-42C9-94FD-9ED519266139}.Release|x86.Build.0 = Release|Win32
	EndGlobalSection
	GlobalSection(SolutionProperties) = preSolution
		HideSolutionNode = FALSE
	EndGlobalSection
	GlobalSection(ExtensibilityGlobals) = postSolution
		SolutionGuid = {58C777D0-9BEA-43C2-AD34-A9EFDC01A07B}
	EndGlobalSection
EndGlobal
