
Microsoft Visual Studio Solution File, Format Version 12.00
# Visual Studio Version 16
VisualStudioVersion = 16.0.31424.327
MinimumVisualStudioVersion = 10.0.40219.1
Project("{8BC9CEB8-8B4A-11D0-8D11-00A0C91BC942}") = "Project4z3Geometry", "ProjectGeometry\ProjectGeometry.vcxproj", "{EB1C469B-C067-45AA-A369-E0C3E2ACDD7C}"
EndProject
Project("{8BC9CEB8-8B4A-11D0-8D11-00A0C91BC942}") = "Project5Arrays", "ProjectArrays\ProjectArrays.vcxproj", "{C7453EFB-DD7B-43FF-A8EB-9290F8980B79}"
EndProject
Project("{8BC9CEB8-8B4A-11D0-8D11-00A0C91BC942}") = "Project4z1DoWhile", "ProjectDoWhile\ProjectDoWhile.vcxproj", "{75A5D8DD-122C-4A5E-BCA0-03558CEA9F04}"
EndProject
Project("{8BC9CEB8-8B4A-11D0-8D11-00A0C91BC942}") = "Project4z2For", "ProjectFor\ProjectFor.vcxproj", "{5E2DC3FC-40C1-45BC-94F9-BBB3A4526F0D}"
EndProject
Project("{8BC9CEB8-8B4A-11D0-8D11-00A0C91BC942}") = "Project4ControlStructures", "ProjectControlStructures\ProjectControlStructures.vcxproj", "{402FBE0C-3FB5-4093-8717-887439C33C85}"
EndProject
Project("{8BC9CEB8-8B4A-11D0-8D11-00A0C91BC942}") = "Project5z3Random", "ProjectRandom\ProjectRandom.vcxproj", "{B0B3A162-827A-44D2-AFF7-EA86D336C677}"
EndProject
Project("{8BC9CEB8-8B4A-11D0-8D11-00A0C91BC942}") = "Project5z6UniqueRandom", "ProjectUniqueRandom\ProjectUniqueRandom.vcxproj", "{1F7ED71E-CE52-483E-8473-8548C61144DD}"
EndProject
Project("{8BC9CEB8-8B4A-11D0-8D11-00A0C91BC942}") = "Project5z5Repeat", "ProjectRepeat\ProjectRepeat.vcxproj", "{1FF40CD0-0117-40C4-B785-433855BC0F20}"
EndProject
Project("{8BC9CEB8-8B4A-11D0-8D11-00A0C91BC942}") = "Project5z7Arrays2D", "ProjectArrays2D\ProjectArrays2D.vcxproj", "{85C8652F-F02B-478A-8380-2C910C359ECB}"
EndProject
Project("{8BC9CEB8-8B4A-11D0-8D11-00A0C91BC942}") = "Project1Hello", "Project1Hello\Project1Hello.vcxproj", "{F7C1CA90-F913-45AA-A7B1-E7C1A7932972}"
EndProject
Project("{8BC9CEB8-8B4A-11D0-8D11-00A0C91BC942}") = "Project6Function", "ProjectFunction\ProjectFunction.vcxproj", "{432A3E1B-E609-48F7-841A-963A0E8E241B}"
EndProject
Project("{8BC9CEB8-8B4A-11D0-8D11-00A0C91BC942}") = "Project6z1FunctionArrays1", "ProjectFunctionArrays\ProjectFunctionArrays.vcxproj", "{C3526B76-E544-4D26-A93C-A5F807948867}"
EndProject
Project("{8BC9CEB8-8B4A-11D0-8D11-00A0C91BC942}") = "Project6z2FunctionArrays2", "ProjectFunctionArrays2\ProjectFunctionArrays2.vcxproj", "{062D7487-9DB3-4D4A-BFFB-1FCA0911312C}"
EndProject
Project("{8BC9CEB8-8B4A-11D0-8D11-00A0C91BC942}") = "Project2DataTypes", "Project2DataTypes\Project2DataTypes.vcxproj", "{3B840D2A-7B2A-4547-B7EB-3A9E746390E3}"
EndProject
Project("{8BC9CEB8-8B4A-11D0-8D11-00A0C91BC942}") = "Project1z1HomeWorkEsc", "Project1z1HomeWorkEsc\Project1z1HomeWorkEsc.vcxproj", "{80E8436A-9C11-4CDE-81F6-7D20A4812FB6}"
EndProject
Project("{8BC9CEB8-8B4A-11D0-8D11-00A0C91BC942}") = "Project6z4FunctionArrays3", "ProjectFunctionArrays3\ProjectFunctionArrays3.vcxproj", "{A78A4826-4E2C-4EDF-8FF7-709C4E56547D}"
EndProject
Project("{8BC9CEB8-8B4A-11D0-8D11-00A0C91BC942}") = "Project6z3FunctionArrays2z2", "ProjectFunctionArrays2z2\ProjectFunctionArrays2z2.vcxproj", "{7B4F2461-5FEA-4A71-9A79-2B5B4554EF5C}"
EndProject
Project("{8BC9CEB8-8B4A-11D0-8D11-00A0C91BC942}") = "Project5z1Numeric", "ProjectNumerix\ProjectNumerix.vcxproj", "{7586BF0E-7D1F-4EA1-8DDE-06D0A755F080}"
EndProject
Project("{8BC9CEB8-8B4A-11D0-8D11-00A0C91BC942}") = "Project7Recursion", "ProjectzRecursion\ProjectzRecursion.vcxproj", "{34654C98-5138-495F-A047-5C1785B5343E}"
EndProject
Project("{8BC9CEB8-8B4A-11D0-8D11-00A0C91BC942}") = "Project3Operators", "Project3Operators\Project3Operators.vcxproj", "{05424FAB-16CF-42C9-94FD-9ED519266139}"
EndProject
Project("{8BC9CEB8-8B4A-11D0-8D11-00A0C91BC942}") = "Project5z2NumericHomeWork", "Project10NumericHomeWork\Project10NumericHomeWork.vcxproj", "{92E0D64E-767A-4519-B5C8-E7D92AA1824E}"
EndProject
Project("{8BC9CEB8-8B4A-11D0-8D11-00A0C91BC942}") = "Project5z4RandomHomeWork", "Project5z4RandomHomeWork\Project5z4RandomHomeWork.vcxproj", "{644FB29C-C323-48C4-8BBE-D918E2B260D1}"
EndProject
Project("{8BC9CEB8-8B4A-11D0-8D11-00A0C91BC942}") = "Project5z5RepeatHomeWork", "Project5z5RepeatHomeWork\Project5z5RepeatHomeWork.vcxproj", "{5B76FB6B-2DAF-486D-938B-5F892F7F5769}"
EndProject
Project("{8BC9CEB8-8B4A-11D0-8D11-00A0C91BC942}") = "Project5z8Arrays2DHomeWork", "Project5z9Arrays2DHomeWork\Project5z9Arrays2DHomeWork.vcxproj", "{68CEB4CD-AAB9-4086-B34C-7BCEF23A89C3}"
EndProject
Project("{8BC9CEB8-8B4A-11D0-8D11-00A0C91BC942}") = "Project8Pointers", "Project8Pointers\Project8Pointers.vcxproj", "{4F2AABE5-ED16-48EF-8335-5E76C7F6AC77}"
EndProject
Project("{8BC9CEB8-8B4A-11D0-8D11-00A0C91BC942}") = "Project8z1Parametres", "Project8z1Parametres\Project8z1Parametres.vcxproj", "{E6568A79-AC4B-4743-A247-B7AE48B8E1E0}"
EndProject
Project("{8BC9CEB8-8B4A-11D0-8D11-00A0C91BC942}") = "Project8z2References", "Project8z2References\Project8z2References.vcxproj", "{1AAAEB08-D4BA-44A6-96F1-E9445D82D00D}"
EndProject
Project("{8BC9CEB8-8B4A-11D0-8D11-00A0C91BC942}") = "Project8z3DynamicArrays", "Project8z3DynamicArrays\Project8z3DynamicArrays.vcxproj", "{DC0CEDAB-A89C-4FA8-9A43-FF0371EC993C}"
EndProject
Project("{8BC9CEB8-8B4A-11D0-8D11-00A0C91BC942}") = "Project9DynamicMemory", "Project9DynamicMemory\Project9DynamicMemory.vcxproj", "{346F13DD-E07C-40C3-85CD-CFDE87AE2163}"
EndProject
Project("{8BC9CEB8-8B4A-11D0-8D11-00A0C91BC942}") = "Project8z4HomeWorkOddEven", "Project8z4HomeWorkOddEven\Project8z4HomeWorkOddEven.vcxproj", "{8F9DF889-A710-4DF7-BB91-3E1BBEE5F4A1}"
EndProject
Project("{8BC9CEB8-8B4A-11D0-8D11-00A0C91BC942}") = "Project9z1DynamicMemoryTemplated", "ProjectDynamicMemoryTemplated\ProjectDynamicMemoryTemplated.vcxproj", "{27FA7A00-C319-4959-A10B-485326D5D405}"
EndProject
Project("{8BC9CEB8-8B4A-11D0-8D11-00A0C91BC942}") = "ProjectSeparateTemplatedDynamicMemory", "ProjectSeparateTemplatedDynamicMemory\ProjectSeparateTemplatedDynamicMemory.vcxproj", "{B9B37525-A540-4377-8EDA-A4468911E65E}"
EndProject
Global
	GlobalSection(SolutionConfigurationPlatforms) = preSolution
		Debug|x64 = Debug|x64
		Debug|x86 = Debug|x86
		Release|x64 = Release|x64
		Release|x86 = Release|x86
	EndGlobalSection
	GlobalSection(ProjectConfigurationPlatforms) = postSolution
		{EB1C469B-C067-45AA-A369-E0C3E2ACDD7C}.Debug|x64.ActiveCfg = Debug|x64
		{EB1C469B-C067-45AA-A369-E0C3E2ACDD7C}.Debug|x64.Build.0 = Debug|x64
		{EB1C469B-C067-45AA-A369-E0C3E2ACDD7C}.Debug|x86.ActiveCfg = Debug|Win32
		{EB1C469B-C067-45AA-A369-E0C3E2ACDD7C}.Debug|x86.Build.0 = Debug|Win32
		{EB1C469B-C067-45AA-A369-E0C3E2ACDD7C}.Release|x64.ActiveCfg = Release|x64
		{EB1C469B-C067-45AA-A369-E0C3E2ACDD7C}.Release|x64.Build.0 = Release|x64
		{EB1C469B-C067-45AA-A369-E0C3E2ACDD7C}.Release|x86.ActiveCfg = Release|Win32
		{EB1C469B-C067-45AA-A369-E0C3E2ACDD7C}.Release|x86.Build.0 = Release|Win32
		{C7453EFB-DD7B-43FF-A8EB-9290F8980B79}.Debug|x64.ActiveCfg = Debug|x64
		{C7453EFB-DD7B-43FF-A8EB-9290F8980B79}.Debug|x64.Build.0 = Debug|x64
		{C7453EFB-DD7B-43FF-A8EB-9290F8980B79}.Debug|x86.ActiveCfg = Debug|Win32
		{C7453EFB-DD7B-43FF-A8EB-9290F8980B79}.Debug|x86.Build.0 = Debug|Win32
		{C7453EFB-DD7B-43FF-A8EB-9290F8980B79}.Release|x64.ActiveCfg = Release|x64
		{C7453EFB-DD7B-43FF-A8EB-9290F8980B79}.Release|x64.Build.0 = Release|x64
		{C7453EFB-DD7B-43FF-A8EB-9290F8980B79}.Release|x86.ActiveCfg = Release|Win32
		{C7453EFB-DD7B-43FF-A8EB-9290F8980B79}.Release|x86.Build.0 = Release|Win32
		{75A5D8DD-122C-4A5E-BCA0-03558CEA9F04}.Debug|x64.ActiveCfg = Debug|x64
		{75A5D8DD-122C-4A5E-BCA0-03558CEA9F04}.Debug|x64.Build.0 = Debug|x64
		{75A5D8DD-122C-4A5E-BCA0-03558CEA9F04}.Debug|x86.ActiveCfg = Debug|Win32
		{75A5D8DD-122C-4A5E-BCA0-03558CEA9F04}.Debug|x86.Build.0 = Debug|Win32
		{75A5D8DD-122C-4A5E-BCA0-03558CEA9F04}.Release|x64.ActiveCfg = Release|x64
		{75A5D8DD-122C-4A5E-BCA0-03558CEA9F04}.Release|x64.Build.0 = Release|x64
		{75A5D8DD-122C-4A5E-BCA0-03558CEA9F04}.Release|x86.ActiveCfg = Release|Win32
		{75A5D8DD-122C-4A5E-BCA0-03558CEA9F04}.Release|x86.Build.0 = Release|Win32
		{5E2DC3FC-40C1-45BC-94F9-BBB3A4526F0D}.Debug|x64.ActiveCfg = Debug|x64
		{5E2DC3FC-40C1-45BC-94F9-BBB3A4526F0D}.Debug|x64.Build.0 = Debug|x64
		{5E2DC3FC-40C1-45BC-94F9-BBB3A4526F0D}.Debug|x86.ActiveCfg = Debug|Win32
		{5E2DC3FC-40C1-45BC-94F9-BBB3A4526F0D}.Debug|x86.Build.0 = Debug|Win32
		{5E2DC3FC-40C1-45BC-94F9-BBB3A4526F0D}.Release|x64.ActiveCfg = Release|x64
		{5E2DC3FC-40C1-45BC-94F9-BBB3A4526F0D}.Release|x64.Build.0 = Release|x64
		{5E2DC3FC-40C1-45BC-94F9-BBB3A4526F0D}.Release|x86.ActiveCfg = Release|Win32
		{5E2DC3FC-40C1-45BC-94F9-BBB3A4526F0D}.Release|x86.Build.0 = Release|Win32
		{402FBE0C-3FB5-4093-8717-887439C33C85}.Debug|x64.ActiveCfg = Debug|x64
		{402FBE0C-3FB5-4093-8717-887439C33C85}.Debug|x64.Build.0 = Debug|x64
		{402FBE0C-3FB5-4093-8717-887439C33C85}.Debug|x86.ActiveCfg = Debug|Win32
		{402FBE0C-3FB5-4093-8717-887439C33C85}.Debug|x86.Build.0 = Debug|Win32
		{402FBE0C-3FB5-4093-8717-887439C33C85}.Release|x64.ActiveCfg = Release|x64
		{402FBE0C-3FB5-4093-8717-887439C33C85}.Release|x64.Build.0 = Release|x64
		{402FBE0C-3FB5-4093-8717-887439C33C85}.Release|x86.ActiveCfg = Release|Win32
		{402FBE0C-3FB5-4093-8717-887439C33C85}.Release|x86.Build.0 = Release|Win32
		{B0B3A162-827A-44D2-AFF7-EA86D336C677}.Debug|x64.ActiveCfg = Debug|x64
		{B0B3A162-827A-44D2-AFF7-EA86D336C677}.Debug|x64.Build.0 = Debug|x64
		{B0B3A162-827A-44D2-AFF7-EA86D336C677}.Debug|x86.ActiveCfg = Debug|Win32
		{B0B3A162-827A-44D2-AFF7-EA86D336C677}.Debug|x86.Build.0 = Debug|Win32
		{B0B3A162-827A-44D2-AFF7-EA86D336C677}.Release|x64.ActiveCfg = Release|x64
		{B0B3A162-827A-44D2-AFF7-EA86D336C677}.Release|x64.Build.0 = Release|x64
		{B0B3A162-827A-44D2-AFF7-EA86D336C677}.Release|x86.ActiveCfg = Release|Win32
		{B0B3A162-827A-44D2-AFF7-EA86D336C677}.Release|x86.Build.0 = Release|Win32
		{1F7ED71E-CE52-483E-8473-8548C61144DD}.Debug|x64.ActiveCfg = Debug|x64
		{1F7ED71E-CE52-483E-8473-8548C61144DD}.Debug|x64.Build.0 = Debug|x64
		{1F7ED71E-CE52-483E-8473-8548C61144DD}.Debug|x86.ActiveCfg = Debug|Win32
		{1F7ED71E-CE52-483E-8473-8548C61144DD}.Debug|x86.Build.0 = Debug|Win32
		{1F7ED71E-CE52-483E-8473-8548C61144DD}.Release|x64.ActiveCfg = Release|x64
		{1F7ED71E-CE52-483E-8473-8548C61144DD}.Release|x64.Build.0 = Release|x64
		{1F7ED71E-CE52-483E-8473-8548C61144DD}.Release|x86.ActiveCfg = Release|Win32
		{1F7ED71E-CE52-483E-8473-8548C61144DD}.Release|x86.Build.0 = Release|Win32
		{1FF40CD0-0117-40C4-B785-433855BC0F20}.Debug|x64.ActiveCfg = Debug|x64
		{1FF40CD0-0117-40C4-B785-433855BC0F20}.Debug|x64.Build.0 = Debug|x64
		{1FF40CD0-0117-40C4-B785-433855BC0F20}.Debug|x86.ActiveCfg = Debug|Win32
		{1FF40CD0-0117-40C4-B785-433855BC0F20}.Debug|x86.Build.0 = Debug|Win32
		{1FF40CD0-0117-40C4-B785-433855BC0F20}.Release|x64.ActiveCfg = Release|x64
		{1FF40CD0-0117-40C4-B785-433855BC0F20}.Release|x64.Build.0 = Release|x64
		{1FF40CD0-0117-40C4-B785-433855BC0F20}.Release|x86.ActiveCfg = Release|Win32
		{1FF40CD0-0117-40C4-B785-433855BC0F20}.Release|x86.Build.0 = Release|Win32
		{85C8652F-F02B-478A-8380-2C910C359ECB}.Debug|x64.ActiveCfg = Debug|x64
		{85C8652F-F02B-478A-8380-2C910C359ECB}.Debug|x64.Build.0 = Debug|x64
		{85C8652F-F02B-478A-8380-2C910C359ECB}.Debug|x86.ActiveCfg = Debug|Win32
		{85C8652F-F02B-478A-8380-2C910C359ECB}.Debug|x86.Build.0 = Debug|Win32
		{85C8652F-F02B-478A-8380-2C910C359ECB}.Release|x64.ActiveCfg = Release|x64
		{85C8652F-F02B-478A-8380-2C910C359ECB}.Release|x64.Build.0 = Release|x64
		{85C8652F-F02B-478A-8380-2C910C359ECB}.Release|x86.ActiveCfg = Release|Win32
		{85C8652F-F02B-478A-8380-2C910C359ECB}.Release|x86.Build.0 = Release|Win32
		{F7C1CA90-F913-45AA-A7B1-E7C1A7932972}.Debug|x64.ActiveCfg = Debug|x64
		{F7C1CA90-F913-45AA-A7B1-E7C1A7932972}.Debug|x64.Build.0 = Debug|x64
		{F7C1CA90-F913-45AA-A7B1-E7C1A7932972}.Debug|x86.ActiveCfg = Debug|Win32
		{F7C1CA90-F913-45AA-A7B1-E7C1A7932972}.Debug|x86.Build.0 = Debug|Win32
		{F7C1CA90-F913-45AA-A7B1-E7C1A7932972}.Release|x64.ActiveCfg = Release|x64
		{F7C1CA90-F913-45AA-A7B1-E7C1A7932972}.Release|x64.Build.0 = Release|x64
		{F7C1CA90-F913-45AA-A7B1-E7C1A7932972}.Release|x86.ActiveCfg = Release|Win32
		{F7C1CA90-F913-45AA-A7B1-E7C1A7932972}.Release|x86.Build.0 = Release|Win32
		{432A3E1B-E609-48F7-841A-963A0E8E241B}.Debug|x64.ActiveCfg = Debug|x64
		{432A3E1B-E609-48F7-841A-963A0E8E241B}.Debug|x64.Build.0 = Debug|x64
		{432A3E1B-E609-48F7-841A-963A0E8E241B}.Debug|x86.ActiveCfg = Debug|Win32
		{432A3E1B-E609-48F7-841A-963A0E8E241B}.Debug|x86.Build.0 = Debug|Win32
		{432A3E1B-E609-48F7-841A-963A0E8E241B}.Release|x64.ActiveCfg = Release|x64
		{432A3E1B-E609-48F7-841A-963A0E8E241B}.Release|x64.Build.0 = Release|x64
		{432A3E1B-E609-48F7-841A-963A0E8E241B}.Release|x86.ActiveCfg = Release|Win32
		{432A3E1B-E609-48F7-841A-963A0E8E241B}.Release|x86.Build.0 = Release|Win32
		{C3526B76-E544-4D26-A93C-A5F807948867}.Debug|x64.ActiveCfg = Debug|x64
		{C3526B76-E544-4D26-A93C-A5F807948867}.Debug|x64.Build.0 = Debug|x64
		{C3526B76-E544-4D26-A93C-A5F807948867}.Debug|x86.ActiveCfg = Debug|Win32
		{C3526B76-E544-4D26-A93C-A5F807948867}.Debug|x86.Build.0 = Debug|Win32
		{C3526B76-E544-4D26-A93C-A5F807948867}.Release|x64.ActiveCfg = Release|x64
		{C3526B76-E544-4D26-A93C-A5F807948867}.Release|x64.Build.0 = Release|x64
		{C3526B76-E544-4D26-A93C-A5F807948867}.Release|x86.ActiveCfg = Release|Win32
		{C3526B76-E544-4D26-A93C-A5F807948867}.Release|x86.Build.0 = Release|Win32
		{062D7487-9DB3-4D4A-BFFB-1FCA0911312C}.Debug|x64.ActiveCfg = Debug|x64
		{062D7487-9DB3-4D4A-BFFB-1FCA0911312C}.Debug|x64.Build.0 = Debug|x64
		{062D7487-9DB3-4D4A-BFFB-1FCA0911312C}.Debug|x86.ActiveCfg = Debug|Win32
		{062D7487-9DB3-4D4A-BFFB-1FCA0911312C}.Debug|x86.Build.0 = Debug|Win32
		{062D7487-9DB3-4D4A-BFFB-1FCA0911312C}.Release|x64.ActiveCfg = Release|x64
		{062D7487-9DB3-4D4A-BFFB-1FCA0911312C}.Release|x64.Build.0 = Release|x64
		{062D7487-9DB3-4D4A-BFFB-1FCA0911312C}.Release|x86.ActiveCfg = Release|Win32
		{062D7487-9DB3-4D4A-BFFB-1FCA0911312C}.Release|x86.Build.0 = Release|Win32
		{3B840D2A-7B2A-4547-B7EB-3A9E746390E3}.Debug|x64.ActiveCfg = Debug|x64
		{3B840D2A-7B2A-4547-B7EB-3A9E746390E3}.Debug|x64.Build.0 = Debug|x64
		{3B840D2A-7B2A-4547-B7EB-3A9E746390E3}.Debug|x86.ActiveCfg = Debug|Win32
		{3B840D2A-7B2A-4547-B7EB-3A9E746390E3}.Debug|x86.Build.0 = Debug|Win32
		{3B840D2A-7B2A-4547-B7EB-3A9E746390E3}.Release|x64.ActiveCfg = Release|x64
		{3B840D2A-7B2A-4547-B7EB-3A9E746390E3}.Release|x64.Build.0 = Release|x64
		{3B840D2A-7B2A-4547-B7EB-3A9E746390E3}.Release|x86.ActiveCfg = Release|Win32
		{3B840D2A-7B2A-4547-B7EB-3A9E746390E3}.Release|x86.Build.0 = Release|Win32
		{80E8436A-9C11-4CDE-81F6-7D20A4812FB6}.Debug|x64.ActiveCfg = Debug|x64
		{80E8436A-9C11-4CDE-81F6-7D20A4812FB6}.Debug|x64.Build.0 = Debug|x64
		{80E8436A-9C11-4CDE-81F6-7D20A4812FB6}.Debug|x86.ActiveCfg = Debug|Win32
		{80E8436A-9C11-4CDE-81F6-7D20A4812FB6}.Debug|x86.Build.0 = Debug|Win32
		{80E8436A-9C11-4CDE-81F6-7D20A4812FB6}.Release|x64.ActiveCfg = Release|x64
		{80E8436A-9C11-4CDE-81F6-7D20A4812FB6}.Release|x64.Build.0 = Release|x64
		{80E8436A-9C11-4CDE-81F6-7D20A4812FB6}.Release|x86.ActiveCfg = Release|Win32
		{80E8436A-9C11-4CDE-81F6-7D20A4812FB6}.Release|x86.Build.0 = Release|Win32
		{A78A4826-4E2C-4EDF-8FF7-709C4E56547D}.Debug|x64.ActiveCfg = Debug|x64
		{A78A4826-4E2C-4EDF-8FF7-709C4E56547D}.Debug|x64.Build.0 = Debug|x64
		{A78A4826-4E2C-4EDF-8FF7-709C4E56547D}.Debug|x86.ActiveCfg = Debug|Win32
		{A78A4826-4E2C-4EDF-8FF7-709C4E56547D}.Debug|x86.Build.0 = Debug|Win32
		{A78A4826-4E2C-4EDF-8FF7-709C4E56547D}.Release|x64.ActiveCfg = Release|x64
		{A78A4826-4E2C-4EDF-8FF7-709C4E56547D}.Release|x64.Build.0 = Release|x64
		{A78A4826-4E2C-4EDF-8FF7-709C4E56547D}.Release|x86.ActiveCfg = Release|Win32
		{A78A4826-4E2C-4EDF-8FF7-709C4E56547D}.Release|x86.Build.0 = Release|Win32
		{7B4F2461-5FEA-4A71-9A79-2B5B4554EF5C}.Debug|x64.ActiveCfg = Debug|x64
		{7B4F2461-5FEA-4A71-9A79-2B5B4554EF5C}.Debug|x64.Build.0 = Debug|x64
		{7B4F2461-5FEA-4A71-9A79-2B5B4554EF5C}.Debug|x86.ActiveCfg = Debug|Win32
		{7B4F2461-5FEA-4A71-9A79-2B5B4554EF5C}.Debug|x86.Build.0 = Debug|Win32
		{7B4F2461-5FEA-4A71-9A79-2B5B4554EF5C}.Release|x64.ActiveCfg = Release|x64
		{7B4F2461-5FEA-4A71-9A79-2B5B4554EF5C}.Release|x64.Build.0 = Release|x64
		{7B4F2461-5FEA-4A71-9A79-2B5B4554EF5C}.Release|x86.ActiveCfg = Release|Win32
		{7B4F2461-5FEA-4A71-9A79-2B5B4554EF5C}.Release|x86.Build.0 = Release|Win32
		{7586BF0E-7D1F-4EA1-8DDE-06D0A755F080}.Debug|x64.ActiveCfg = Debug|x64
		{7586BF0E-7D1F-4EA1-8DDE-06D0A755F080}.Debug|x64.Build.0 = Debug|x64
		{7586BF0E-7D1F-4EA1-8DDE-06D0A755F080}.Debug|x86.ActiveCfg = Debug|Win32
		{7586BF0E-7D1F-4EA1-8DDE-06D0A755F080}.Debug|x86.Build.0 = Debug|Win32
		{7586BF0E-7D1F-4EA1-8DDE-06D0A755F080}.Release|x64.ActiveCfg = Release|x64
		{7586BF0E-7D1F-4EA1-8DDE-06D0A755F080}.Release|x64.Build.0 = Release|x64
		{7586BF0E-7D1F-4EA1-8DDE-06D0A755F080}.Release|x86.ActiveCfg = Release|Win32
		{7586BF0E-7D1F-4EA1-8DDE-06D0A755F080}.Release|x86.Build.0 = Release|Win32
		{34654C98-5138-495F-A047-5C1785B5343E}.Debug|x64.ActiveCfg = Debug|x64
		{34654C98-5138-495F-A047-5C1785B5343E}.Debug|x64.Build.0 = Debug|x64
		{34654C98-5138-495F-A047-5C1785B5343E}.Debug|x86.ActiveCfg = Debug|Win32
		{34654C98-5138-495F-A047-5C1785B5343E}.Debug|x86.Build.0 = Debug|Win32
		{34654C98-5138-495F-A047-5C1785B5343E}.Release|x64.ActiveCfg = Release|x64
		{34654C98-5138-495F-A047-5C1785B5343E}.Release|x64.Build.0 = Release|x64
		{34654C98-5138-495F-A047-5C1785B5343E}.Release|x86.ActiveCfg = Release|Win32
		{34654C98-5138-495F-A047-5C1785B5343E}.Release|x86.Build.0 = Release|Win32
		{05424FAB-16CF-42C9-94FD-9ED519266139}.Debug|x64.ActiveCfg = Debug|x64
		{05424FAB-16CF-42C9-94FD-9ED519266139}.Debug|x64.Build.0 = Debug|x64
		{05424FAB-16CF-42C9-94FD-9ED519266139}.Debug|x86.ActiveCfg = Debug|Win32
		{05424FAB-16CF-42C9-94FD-9ED519266139}.Debug|x86.Build.0 = Debug|Win32
		{05424FAB-16CF-42C9-94FD-9ED519266139}.Release|x64.ActiveCfg = Release|x64
		{05424FAB-16CF-42C9-94FD-9ED519266139}.Release|x64.Build.0 = Release|x64
		{05424FAB-16CF-42C9-94FD-9ED519266139}.Release|x86.ActiveCfg = Release|Win32
		{05424FAB-16CF-42C9-94FD-9ED519266139}.Release|x86.Build.0 = Release|Win32
		{92E0D64E-767A-4519-B5C8-E7D92AA1824E}.Debug|x64.ActiveCfg = Debug|x64
		{92E0D64E-767A-4519-B5C8-E7D92AA1824E}.Debug|x64.Build.0 = Debug|x64
		{92E0D64E-767A-4519-B5C8-E7D92AA1824E}.Debug|x86.ActiveCfg = Debug|Win32
		{92E0D64E-767A-4519-B5C8-E7D92AA1824E}.Debug|x86.Build.0 = Debug|Win32
		{92E0D64E-767A-4519-B5C8-E7D92AA1824E}.Release|x64.ActiveCfg = Release|x64
		{92E0D64E-767A-4519-B5C8-E7D92AA1824E}.Release|x64.Build.0 = Release|x64
		{92E0D64E-767A-4519-B5C8-E7D92AA1824E}.Release|x86.ActiveCfg = Release|Win32
		{92E0D64E-767A-4519-B5C8-E7D92AA1824E}.Release|x86.Build.0 = Release|Win32
		{644FB29C-C323-48C4-8BBE-D918E2B260D1}.Debug|x64.ActiveCfg = Debug|x64
		{644FB29C-C323-48C4-8BBE-D918E2B260D1}.Debug|x64.Build.0 = Debug|x64
		{644FB29C-C323-48C4-8BBE-D918E2B260D1}.Debug|x86.ActiveCfg = Debug|Win32
		{644FB29C-C323-48C4-8BBE-D918E2B260D1}.Debug|x86.Build.0 = Debug|Win32
		{644FB29C-C323-48C4-8BBE-D918E2B260D1}.Release|x64.ActiveCfg = Release|x64
		{644FB29C-C323-48C4-8BBE-D918E2B260D1}.Release|x64.Build.0 = Release|x64
		{644FB29C-C323-48C4-8BBE-D918E2B260D1}.Release|x86.ActiveCfg = Release|Win32
		{644FB29C-C323-48C4-8BBE-D918E2B260D1}.Release|x86.Build.0 = Release|Win32
		{5B76FB6B-2DAF-486D-938B-5F892F7F5769}.Debug|x64.ActiveCfg = Debug|x64
		{5B76FB6B-2DAF-486D-938B-5F892F7F5769}.Debug|x64.Build.0 = Debug|x64
		{5B76FB6B-2DAF-486D-938B-5F892F7F5769}.Debug|x86.ActiveCfg = Debug|Win32
		{5B76FB6B-2DAF-486D-938B-5F892F7F5769}.Debug|x86.Build.0 = Debug|Win32
		{5B76FB6B-2DAF-486D-938B-5F892F7F5769}.Release|x64.ActiveCfg = Release|x64
		{5B76FB6B-2DAF-486D-938B-5F892F7F5769}.Release|x64.Build.0 = Release|x64
		{5B76FB6B-2DAF-486D-938B-5F892F7F5769}.Release|x86.ActiveCfg = Release|Win32
		{5B76FB6B-2DAF-486D-938B-5F892F7F5769}.Release|x86.Build.0 = Release|Win32
		{68CEB4CD-AAB9-4086-B34C-7BCEF23A89C3}.Debug|x64.ActiveCfg = Debug|x64
		{68CEB4CD-AAB9-4086-B34C-7BCEF23A89C3}.Debug|x64.Build.0 = Debug|x64
		{68CEB4CD-AAB9-4086-B34C-7BCEF23A89C3}.Debug|x86.ActiveCfg = Debug|Win32
		{68CEB4CD-AAB9-4086-B34C-7BCEF23A89C3}.Debug|x86.Build.0 = Debug|Win32
		{68CEB4CD-AAB9-4086-B34C-7BCEF23A89C3}.Release|x64.ActiveCfg = Release|x64
		{68CEB4CD-AAB9-4086-B34C-7BCEF23A89C3}.Release|x64.Build.0 = Release|x64
		{68CEB4CD-AAB9-4086-B34C-7BCEF23A89C3}.Release|x86.ActiveCfg = Release|Win32
		{68CEB4CD-AAB9-4086-B34C-7BCEF23A89C3}.Release|x86.Build.0 = Release|Win32
		{4F2AABE5-ED16-48EF-8335-5E76C7F6AC77}.Debug|x64.ActiveCfg = Debug|x64
		{4F2AABE5-ED16-48EF-8335-5E76C7F6AC77}.Debug|x64.Build.0 = Debug|x64
		{4F2AABE5-ED16-48EF-8335-5E76C7F6AC77}.Debug|x86.ActiveCfg = Debug|Win32
		{4F2AABE5-ED16-48EF-8335-5E76C7F6AC77}.Debug|x86.Build.0 = Debug|Win32
		{4F2AABE5-ED16-48EF-8335-5E76C7F6AC77}.Release|x64.ActiveCfg = Release|x64
		{4F2AABE5-ED16-48EF-8335-5E76C7F6AC77}.Release|x64.Build.0 = Release|x64
		{4F2AABE5-ED16-48EF-8335-5E76C7F6AC77}.Release|x86.ActiveCfg = Release|Win32
		{4F2AABE5-ED16-48EF-8335-5E76C7F6AC77}.Release|x86.Build.0 = Release|Win32
		{E6568A79-AC4B-4743-A247-B7AE48B8E1E0}.Debug|x64.ActiveCfg = Debug|x64
		{E6568A79-AC4B-4743-A247-B7AE48B8E1E0}.Debug|x64.Build.0 = Debug|x64
		{E6568A79-AC4B-4743-A247-B7AE48B8E1E0}.Debug|x86.ActiveCfg = Debug|Win32
		{E6568A79-AC4B-4743-A247-B7AE48B8E1E0}.Debug|x86.Build.0 = Debug|Win32
		{E6568A79-AC4B-4743-A247-B7AE48B8E1E0}.Release|x64.ActiveCfg = Release|x64
		{E6568A79-AC4B-4743-A247-B7AE48B8E1E0}.Release|x64.Build.0 = Release|x64
		{E6568A79-AC4B-4743-A247-B7AE48B8E1E0}.Release|x86.ActiveCfg = Release|Win32
		{E6568A79-AC4B-4743-A247-B7AE48B8E1E0}.Release|x86.Build.0 = Release|Win32
		{1AAAEB08-D4BA-44A6-96F1-E9445D82D00D}.Debug|x64.ActiveCfg = Debug|x64
		{1AAAEB08-D4BA-44A6-96F1-E9445D82D00D}.Debug|x64.Build.0 = Debug|x64
		{1AAAEB08-D4BA-44A6-96F1-E9445D82D00D}.Debug|x86.ActiveCfg = Debug|Win32
		{1AAAEB08-D4BA-44A6-96F1-E9445D82D00D}.Debug|x86.Build.0 = Debug|Win32
		{1AAAEB08-D4BA-44A6-96F1-E9445D82D00D}.Release|x64.ActiveCfg = Release|x64
		{1AAAEB08-D4BA-44A6-96F1-E9445D82D00D}.Release|x64.Build.0 = Release|x64
		{1AAAEB08-D4BA-44A6-96F1-E9445D82D00D}.Release|x86.ActiveCfg = Release|Win32
		{1AAAEB08-D4BA-44A6-96F1-E9445D82D00D}.Release|x86.Build.0 = Release|Win32
		{DC0CEDAB-A89C-4FA8-9A43-FF0371EC993C}.Debug|x64.ActiveCfg = Debug|x64
		{DC0CEDAB-A89C-4FA8-9A43-FF0371EC993C}.Debug|x64.Build.0 = Debug|x64
		{DC0CEDAB-A89C-4FA8-9A43-FF0371EC993C}.Debug|x86.ActiveCfg = Debug|Win32
		{DC0CEDAB-A89C-4FA8-9A43-FF0371EC993C}.Debug|x86.Build.0 = Debug|Win32
		{DC0CEDAB-A89C-4FA8-9A43-FF0371EC993C}.Release|x64.ActiveCfg = Release|x64
		{DC0CEDAB-A89C-4FA8-9A43-FF0371EC993C}.Release|x64.Build.0 = Release|x64
		{DC0CEDAB-A89C-4FA8-9A43-FF0371EC993C}.Release|x86.ActiveCfg = Release|Win32
		{DC0CEDAB-A89C-4FA8-9A43-FF0371EC993C}.Release|x86.Build.0 = Release|Win32
		{346F13DD-E07C-40C3-85CD-CFDE87AE2163}.Debug|x64.ActiveCfg = Debug|x64
		{346F13DD-E07C-40C3-85CD-CFDE87AE2163}.Debug|x64.Build.0 = Debug|x64
		{346F13DD-E07C-40C3-85CD-CFDE87AE2163}.Debug|x86.ActiveCfg = Debug|Win32
		{346F13DD-E07C-40C3-85CD-CFDE87AE2163}.Debug|x86.Build.0 = Debug|Win32
		{346F13DD-E07C-40C3-85CD-CFDE87AE2163}.Release|x64.ActiveCfg = Release|x64
		{346F13DD-E07C-40C3-85CD-CFDE87AE2163}.Release|x64.Build.0 = Release|x64
		{346F13DD-E07C-40C3-85CD-CFDE87AE2163}.Release|x86.ActiveCfg = Release|Win32
		{346F13DD-E07C-40C3-85CD-CFDE87AE2163}.Release|x86.Build.0 = Release|Win32
		{8F9DF889-A710-4DF7-BB91-3E1BBEE5F4A1}.Debug|x64.ActiveCfg = Debug|x64
		{8F9DF889-A710-4DF7-BB91-3E1BBEE5F4A1}.Debug|x64.Build.0 = Debug|x64
		{8F9DF889-A710-4DF7-BB91-3E1BBEE5F4A1}.Debug|x86.ActiveCfg = Debug|Win32
		{8F9DF889-A710-4DF7-BB91-3E1BBEE5F4A1}.Debug|x86.Build.0 = Debug|Win32
		{8F9DF889-A710-4DF7-BB91-3E1BBEE5F4A1}.Release|x64.ActiveCfg = Release|x64
		{8F9DF889-A710-4DF7-BB91-3E1BBEE5F4A1}.Release|x64.Build.0 = Release|x64
		{8F9DF889-A710-4DF7-BB91-3E1BBEE5F4A1}.Release|x86.ActiveCfg = Release|Win32
		{8F9DF889-A710-4DF7-BB91-3E1BBEE5F4A1}.Release|x86.Build.0 = Release|Win32
		{27FA7A00-C319-4959-A10B-485326D5D405}.Debug|x64.ActiveCfg = Debug|x64
		{27FA7A00-C319-4959-A10B-485326D5D405}.Debug|x64.Build.0 = Debug|x64
		{27FA7A00-C319-4959-A10B-485326D5D405}.Debug|x86.ActiveCfg = Debug|Win32
		{27FA7A00-C319-4959-A10B-485326D5D405}.Debug|x86.Build.0 = Debug|Win32
		{27FA7A00-C319-4959-A10B-485326D5D405}.Release|x64.ActiveCfg = Release|x64
		{27FA7A00-C319-4959-A10B-485326D5D405}.Release|x64.Build.0 = Release|x64
		{27FA7A00-C319-4959-A10B-485326D5D405}.Release|x86.ActiveCfg = Release|Win32
		{27FA7A00-C319-4959-A10B-485326D5D405}.Release|x86.Build.0 = Release|Win32
		{B9B37525-A540-4377-8EDA-A4468911E65E}.Debug|x64.ActiveCfg = Debug|x64
		{B9B37525-A540-4377-8EDA-A4468911E65E}.Debug|x64.Build.0 = Debug|x64
		{B9B37525-A540-4377-8EDA-A4468911E65E}.Debug|x86.ActiveCfg = Debug|Win32
		{B9B37525-A540-4377-8EDA-A4468911E65E}.Debug|x86.Build.0 = Debug|Win32
		{B9B37525-A540-4377-8EDA-A4468911E65E}.Release|x64.ActiveCfg = Release|x64
		{B9B37525-A540-4377-8EDA-A4468911E65E}.Release|x64.Build.0 = Release|x64
		{B9B37525-A540-4377-8EDA-A4468911E65E}.Release|x86.ActiveCfg = Release|Win32
		{B9B37525-A540-4377-8EDA-A4468911E65E}.Release|x86.Build.0 = Release|Win32
	EndGlobalSection
	GlobalSection(SolutionProperties) = preSolution
		HideSolutionNode = FALSE
	EndGlobalSection
	GlobalSection(ExtensibilityGlobals) = postSolution
		SolutionGuid = {58C777D0-9BEA-43C2-AD34-A9EFDC01A07B}
	EndGlobalSection
EndGlobal
